// !$*UTF8*$!
{
	archiveVersion = 1;
	classes = {
	};
	objectVersion = 46;
	objects = {

/* Begin PBXBuildFile section */
		089E39D9F8A99D0B2129B732 /* libPods-BWiOSCommonUITests.a in Frameworks */ = {isa = PBXBuildFile; fileRef = F54677D25AC6F8ECF0297D94 /* libPods-BWiOSCommonUITests.a */; };
		69FE2A5CB62908D4FCB2FFBD /* libPods-BWiOSCommonTests.a in Frameworks */ = {isa = PBXBuildFile; fileRef = 7DEF60A1165236B5E9AE8B37 /* libPods-BWiOSCommonTests.a */; };
		B452B8621DEE86F900CA97FE /* main.m in Sources */ = {isa = PBXBuildFile; fileRef = B452B8611DEE86F900CA97FE /* main.m */; };
		B452B8651DEE86F900CA97FE /* AppDelegate.m in Sources */ = {isa = PBXBuildFile; fileRef = B452B8641DEE86F900CA97FE /* AppDelegate.m */; };
		B452B86D1DEE86F900CA97FE /* Assets.xcassets in Resources */ = {isa = PBXBuildFile; fileRef = B452B86C1DEE86F900CA97FE /* Assets.xcassets */; };
		B452B8701DEE86F900CA97FE /* LaunchScreen.storyboard in Resources */ = {isa = PBXBuildFile; fileRef = B452B86E1DEE86F900CA97FE /* LaunchScreen.storyboard */; };
		B452B87B1DEE86F900CA97FE /* BWiOSCommonTests.m in Sources */ = {isa = PBXBuildFile; fileRef = B452B87A1DEE86F900CA97FE /* BWiOSCommonTests.m */; };
		B452B8861DEE86F900CA97FE /* BWiOSCommonUITests.m in Sources */ = {isa = PBXBuildFile; fileRef = B452B8851DEE86F900CA97FE /* BWiOSCommonUITests.m */; };
		B452B8DC1DEE8C9600CA97FE /* BMDatePickAlertView.m in Sources */ = {isa = PBXBuildFile; fileRef = B452B8D51DEE8C9500CA97FE /* BMDatePickAlertView.m */; };
		B452B8DD1DEE8C9600CA97FE /* BMDateSettingView.m in Sources */ = {isa = PBXBuildFile; fileRef = B452B8D71DEE8C9500CA97FE /* BMDateSettingView.m */; };
		B452B8DE1DEE8C9600CA97FE /* BMDateSettingView.xib in Resources */ = {isa = PBXBuildFile; fileRef = B452B8D81DEE8C9500CA97FE /* BMDateSettingView.xib */; };
		B452B8DF1DEE8C9600CA97FE /* UIAlertView+Blocks.m in Sources */ = {isa = PBXBuildFile; fileRef = B452B8DB1DEE8C9600CA97FE /* UIAlertView+Blocks.m */; };
		B452B8EE1DEEBD3900CA97FE /* UIButton+BWExtension.m in Sources */ = {isa = PBXBuildFile; fileRef = B452B8E31DEEBD3900CA97FE /* UIButton+BWExtension.m */; };
		B452B8EF1DEEBD3900CA97FE /* UIColor+BWExtension.m in Sources */ = {isa = PBXBuildFile; fileRef = B452B8E51DEEBD3900CA97FE /* UIColor+BWExtension.m */; };
		B452B8F01DEEBD3900CA97FE /* UIImageView+BWExtension.m in Sources */ = {isa = PBXBuildFile; fileRef = B452B8E71DEEBD3900CA97FE /* UIImageView+BWExtension.m */; };
		B452B8F11DEEBD3900CA97FE /* UILabel+BWExtension.m in Sources */ = {isa = PBXBuildFile; fileRef = B452B8E91DEEBD3900CA97FE /* UILabel+BWExtension.m */; };
		B452B8F21DEEBD3900CA97FE /* UITextField+BWExtension.m in Sources */ = {isa = PBXBuildFile; fileRef = B452B8EB1DEEBD3900CA97FE /* UITextField+BWExtension.m */; };
		B452B8F31DEEBD3900CA97FE /* UIView+BWExtension.m in Sources */ = {isa = PBXBuildFile; fileRef = B452B8ED1DEEBD3900CA97FE /* UIView+BWExtension.m */; };
		B452B8F61DEEBD5B00CA97FE /* NSString+BWExtension.m in Sources */ = {isa = PBXBuildFile; fileRef = B452B8F51DEEBD5B00CA97FE /* NSString+BWExtension.m */; };
		B452B8F91DEEBF5600CA97FE /* UIViewController+BWExtension.m in Sources */ = {isa = PBXBuildFile; fileRef = B452B8F81DEEBF5600CA97FE /* UIViewController+BWExtension.m */; };
		B452B9031DEEC57400CA97FE /* icon_arrow_right@2x.png in Resources */ = {isa = PBXBuildFile; fileRef = B452B9011DEEC57400CA97FE /* icon_arrow_right@2x.png */; };
		B452B9041DEEC57400CA97FE /* icon_arrow_right@3x.png in Resources */ = {isa = PBXBuildFile; fileRef = B452B9021DEEC57400CA97FE /* icon_arrow_right@3x.png */; };
		B452B9071DEEC63300CA97FE /* UIImage+BWExtension.m in Sources */ = {isa = PBXBuildFile; fileRef = B452B9061DEEC63300CA97FE /* UIImage+BWExtension.m */; };
		B452B90E1DEECF3900CA97FE /* BWImageAndTitleButton.m in Sources */ = {isa = PBXBuildFile; fileRef = B452B90D1DEECF3900CA97FE /* BWImageAndTitleButton.m */; };
		B452B9141DEED06600CA97FE /* BWBaseViewController.m in Sources */ = {isa = PBXBuildFile; fileRef = B452B9131DEED06600CA97FE /* BWBaseViewController.m */; };
		B452B9171DEED09B00CA97FE /* BWHomeVC.m in Sources */ = {isa = PBXBuildFile; fileRef = B452B9161DEED09B00CA97FE /* BWHomeVC.m */; };
		B452B91A1DEED0A800CA97FE /* BWResearchVC.m in Sources */ = {isa = PBXBuildFile; fileRef = B452B9191DEED0A800CA97FE /* BWResearchVC.m */; };
		B452B91D1DEFCD5F00CA97FE /* NSDate+BWExtension.m in Sources */ = {isa = PBXBuildFile; fileRef = B452B91C1DEFCD5F00CA97FE /* NSDate+BWExtension.m */; };
		B4F2E8FD1DF114960036A3DE /* BWHudUtil.m in Sources */ = {isa = PBXBuildFile; fileRef = B4F2E8F51DF114960036A3DE /* BWHudUtil.m */; };
		B4F2E8FE1DF114960036A3DE /* BWAlertUtil.md in Sources */ = {isa = PBXBuildFile; fileRef = B4F2E8F61DF114960036A3DE /* BWAlertUtil.md */; };
		B4F2E8FF1DF114960036A3DE /* BWDataCommon.m in Sources */ = {isa = PBXBuildFile; fileRef = B4F2E8F81DF114960036A3DE /* BWDataCommon.m */; };
		B4F2E9001DF114960036A3DE /* BWDataCommon.md in Sources */ = {isa = PBXBuildFile; fileRef = B4F2E8F91DF114960036A3DE /* BWDataCommon.md */; };
		B4F2E9011DF114960036A3DE /* BWUICommon.m in Sources */ = {isa = PBXBuildFile; fileRef = B4F2E8FB1DF114960036A3DE /* BWUICommon.m */; };
		B4F2E9021DF114960036A3DE /* BWUICommon.md in Sources */ = {isa = PBXBuildFile; fileRef = B4F2E8FC1DF114960036A3DE /* BWUICommon.md */; };
		B4F2E9051DF11AEF0036A3DE /* BWNavigationController.m in Sources */ = {isa = PBXBuildFile; fileRef = B4F2E9041DF11AEF0036A3DE /* BWNavigationController.m */; };
		B4F2E9081DF11BFB0036A3DE /* BWUtility.m in Sources */ = {isa = PBXBuildFile; fileRef = B4F2E9071DF11BFB0036A3DE /* BWUtility.m */; };
		BA64B521D5564DD533FE189E /* libPods-BWiOSCommon.a in Frameworks */ = {isa = PBXBuildFile; fileRef = 1DD628FF903B6604FE5D293F /* libPods-BWiOSCommon.a */; };
/* End PBXBuildFile section */

/* Begin PBXContainerItemProxy section */
		B452B8771DEE86F900CA97FE /* PBXContainerItemProxy */ = {
			isa = PBXContainerItemProxy;
			containerPortal = B452B8551DEE86F900CA97FE /* Project object */;
			proxyType = 1;
			remoteGlobalIDString = B452B85C1DEE86F900CA97FE;
			remoteInfo = BWiOSCommon;
		};
		B452B8821DEE86F900CA97FE /* PBXContainerItemProxy */ = {
			isa = PBXContainerItemProxy;
			containerPortal = B452B8551DEE86F900CA97FE /* Project object */;
			proxyType = 1;
			remoteGlobalIDString = B452B85C1DEE86F900CA97FE;
			remoteInfo = BWiOSCommon;
		};
/* End PBXContainerItemProxy section */

/* Begin PBXFileReference section */
		1DD628FF903B6604FE5D293F /* libPods-BWiOSCommon.a */ = {isa = PBXFileReference; explicitFileType = archive.ar; includeInIndex = 0; path = "libPods-BWiOSCommon.a"; sourceTree = BUILT_PRODUCTS_DIR; };
		2F8820B17B3E73FCB7671642 /* Pods-BWiOSCommon.debug.xcconfig */ = {isa = PBXFileReference; includeInIndex = 1; lastKnownFileType = text.xcconfig; name = "Pods-BWiOSCommon.debug.xcconfig"; path = "Pods/Target Support Files/Pods-BWiOSCommon/Pods-BWiOSCommon.debug.xcconfig"; sourceTree = "<group>"; };
		3C17191C9854F3C31DC72397 /* Pods-BWiOSCommonUITests.release.xcconfig */ = {isa = PBXFileReference; includeInIndex = 1; lastKnownFileType = text.xcconfig; name = "Pods-BWiOSCommonUITests.release.xcconfig"; path = "Pods/Target Support Files/Pods-BWiOSCommonUITests/Pods-BWiOSCommonUITests.release.xcconfig"; sourceTree = "<group>"; };
		487153065B701AADAA193281 /* Pods-BWiOSCommonUITests.debug.xcconfig */ = {isa = PBXFileReference; includeInIndex = 1; lastKnownFileType = text.xcconfig; name = "Pods-BWiOSCommonUITests.debug.xcconfig"; path = "Pods/Target Support Files/Pods-BWiOSCommonUITests/Pods-BWiOSCommonUITests.debug.xcconfig"; sourceTree = "<group>"; };
		7DEF60A1165236B5E9AE8B37 /* libPods-BWiOSCommonTests.a */ = {isa = PBXFileReference; explicitFileType = archive.ar; includeInIndex = 0; path = "libPods-BWiOSCommonTests.a"; sourceTree = BUILT_PRODUCTS_DIR; };
		82FC03C7002CC5E586DD5D08 /* Pods-BWiOSCommonTests.release.xcconfig */ = {isa = PBXFileReference; includeInIndex = 1; lastKnownFileType = text.xcconfig; name = "Pods-BWiOSCommonTests.release.xcconfig"; path = "Pods/Target Support Files/Pods-BWiOSCommonTests/Pods-BWiOSCommonTests.release.xcconfig"; sourceTree = "<group>"; };
		B452B85D1DEE86F900CA97FE /* BWiOSCommon.app */ = {isa = PBXFileReference; explicitFileType = wrapper.application; includeInIndex = 0; path = BWiOSCommon.app; sourceTree = BUILT_PRODUCTS_DIR; };
		B452B8611DEE86F900CA97FE /* main.m */ = {isa = PBXFileReference; lastKnownFileType = sourcecode.c.objc; path = main.m; sourceTree = "<group>"; };
		B452B8631DEE86F900CA97FE /* AppDelegate.h */ = {isa = PBXFileReference; lastKnownFileType = sourcecode.c.h; path = AppDelegate.h; sourceTree = "<group>"; };
		B452B8641DEE86F900CA97FE /* AppDelegate.m */ = {isa = PBXFileReference; lastKnownFileType = sourcecode.c.objc; path = AppDelegate.m; sourceTree = "<group>"; };
		B452B86C1DEE86F900CA97FE /* Assets.xcassets */ = {isa = PBXFileReference; lastKnownFileType = folder.assetcatalog; path = Assets.xcassets; sourceTree = "<group>"; };
		B452B86F1DEE86F900CA97FE /* Base */ = {isa = PBXFileReference; lastKnownFileType = file.storyboard; name = Base; path = Base.lproj/LaunchScreen.storyboard; sourceTree = "<group>"; };
		B452B8711DEE86F900CA97FE /* Info.plist */ = {isa = PBXFileReference; lastKnownFileType = text.plist.xml; path = Info.plist; sourceTree = "<group>"; };
		B452B8761DEE86F900CA97FE /* BWiOSCommonTests.xctest */ = {isa = PBXFileReference; explicitFileType = wrapper.cfbundle; includeInIndex = 0; path = BWiOSCommonTests.xctest; sourceTree = BUILT_PRODUCTS_DIR; };
		B452B87A1DEE86F900CA97FE /* BWiOSCommonTests.m */ = {isa = PBXFileReference; lastKnownFileType = sourcecode.c.objc; path = BWiOSCommonTests.m; sourceTree = "<group>"; };
		B452B87C1DEE86F900CA97FE /* Info.plist */ = {isa = PBXFileReference; lastKnownFileType = text.plist.xml; path = Info.plist; sourceTree = "<group>"; };
		B452B8811DEE86F900CA97FE /* BWiOSCommonUITests.xctest */ = {isa = PBXFileReference; explicitFileType = wrapper.cfbundle; includeInIndex = 0; path = BWiOSCommonUITests.xctest; sourceTree = BUILT_PRODUCTS_DIR; };
		B452B8851DEE86F900CA97FE /* BWiOSCommonUITests.m */ = {isa = PBXFileReference; lastKnownFileType = sourcecode.c.objc; path = BWiOSCommonUITests.m; sourceTree = "<group>"; };
		B452B8871DEE86F900CA97FE /* Info.plist */ = {isa = PBXFileReference; lastKnownFileType = text.plist.xml; path = Info.plist; sourceTree = "<group>"; };
		B452B8A31DEE886D00CA97FE /* BWiOSCommon.pch */ = {isa = PBXFileReference; lastKnownFileType = sourcecode.c.h; path = BWiOSCommon.pch; sourceTree = "<group>"; };
		B452B8A51DEE8AA600CA97FE /* BWCodeSnippetsController.h */ = {isa = PBXFileReference; fileEncoding = 4; lastKnownFileType = sourcecode.c.h; path = BWCodeSnippetsController.h; sourceTree = "<group>"; };
		B452B8A61DEE8AA600CA97FE /* BWCodeSnippetsController.m */ = {isa = PBXFileReference; fileEncoding = 4; lastKnownFileType = sourcecode.c.objc; path = BWCodeSnippetsController.m; sourceTree = "<group>"; };
		B452B8A71DEE8AA600CA97FE /* BWCodeSnippetsView.h */ = {isa = PBXFileReference; fileEncoding = 4; lastKnownFileType = sourcecode.c.h; path = BWCodeSnippetsView.h; sourceTree = "<group>"; };
		B452B8A81DEE8AA600CA97FE /* BWCodeSnippetsView.m */ = {isa = PBXFileReference; fileEncoding = 4; lastKnownFileType = sourcecode.c.objc; path = BWCodeSnippetsView.m; sourceTree = "<group>"; };
		B452B8A91DEE8AA600CA97FE /* BWObjective-CCodeSnippets.h */ = {isa = PBXFileReference; fileEncoding = 4; lastKnownFileType = sourcecode.c.h; path = "BWObjective-CCodeSnippets.h"; sourceTree = "<group>"; };
		B452B8AA1DEE8AA600CA97FE /* BWObjective-CCodeSnippets.m */ = {isa = PBXFileReference; fileEncoding = 4; lastKnownFileType = sourcecode.c.objc; path = "BWObjective-CCodeSnippets.m"; sourceTree = "<group>"; };
		B452B8AB1DEE8AA600CA97FE /* BWUICodeSnippets.h */ = {isa = PBXFileReference; fileEncoding = 4; lastKnownFileType = sourcecode.c.h; path = BWUICodeSnippets.h; sourceTree = "<group>"; };
		B452B8AC1DEE8AA600CA97FE /* BWUICodeSnippets.m */ = {isa = PBXFileReference; fileEncoding = 4; lastKnownFileType = sourcecode.c.objc; path = BWUICodeSnippets.m; sourceTree = "<group>"; };
		B452B8D41DEE8C9500CA97FE /* BMDatePickAlertView.h */ = {isa = PBXFileReference; fileEncoding = 4; lastKnownFileType = sourcecode.c.h; path = BMDatePickAlertView.h; sourceTree = "<group>"; };
		B452B8D51DEE8C9500CA97FE /* BMDatePickAlertView.m */ = {isa = PBXFileReference; fileEncoding = 4; lastKnownFileType = sourcecode.c.objc; path = BMDatePickAlertView.m; sourceTree = "<group>"; };
		B452B8D61DEE8C9500CA97FE /* BMDateSettingView.h */ = {isa = PBXFileReference; fileEncoding = 4; lastKnownFileType = sourcecode.c.h; path = BMDateSettingView.h; sourceTree = "<group>"; };
		B452B8D71DEE8C9500CA97FE /* BMDateSettingView.m */ = {isa = PBXFileReference; fileEncoding = 4; lastKnownFileType = sourcecode.c.objc; path = BMDateSettingView.m; sourceTree = "<group>"; };
		B452B8D81DEE8C9500CA97FE /* BMDateSettingView.xib */ = {isa = PBXFileReference; fileEncoding = 4; lastKnownFileType = file.xib; path = BMDateSettingView.xib; sourceTree = "<group>"; };
		B452B8DA1DEE8C9600CA97FE /* UIAlertView+Blocks.h */ = {isa = PBXFileReference; fileEncoding = 4; lastKnownFileType = sourcecode.c.h; path = "UIAlertView+Blocks.h"; sourceTree = "<group>"; };
		B452B8DB1DEE8C9600CA97FE /* UIAlertView+Blocks.m */ = {isa = PBXFileReference; fileEncoding = 4; lastKnownFileType = sourcecode.c.objc; path = "UIAlertView+Blocks.m"; sourceTree = "<group>"; };
		B452B8E11DEEBD3900CA97FE /* BWCategories.h */ = {isa = PBXFileReference; fileEncoding = 4; lastKnownFileType = sourcecode.c.h; path = BWCategories.h; sourceTree = "<group>"; };
		B452B8E21DEEBD3900CA97FE /* UIButton+BWExtension.h */ = {isa = PBXFileReference; fileEncoding = 4; lastKnownFileType = sourcecode.c.h; path = "UIButton+BWExtension.h"; sourceTree = "<group>"; };
		B452B8E31DEEBD3900CA97FE /* UIButton+BWExtension.m */ = {isa = PBXFileReference; fileEncoding = 4; lastKnownFileType = sourcecode.c.objc; path = "UIButton+BWExtension.m"; sourceTree = "<group>"; };
		B452B8E41DEEBD3900CA97FE /* UIColor+BWExtension.h */ = {isa = PBXFileReference; fileEncoding = 4; lastKnownFileType = sourcecode.c.h; path = "UIColor+BWExtension.h"; sourceTree = "<group>"; };
		B452B8E51DEEBD3900CA97FE /* UIColor+BWExtension.m */ = {isa = PBXFileReference; fileEncoding = 4; lastKnownFileType = sourcecode.c.objc; path = "UIColor+BWExtension.m"; sourceTree = "<group>"; };
		B452B8E61DEEBD3900CA97FE /* UIImageView+BWExtension.h */ = {isa = PBXFileReference; fileEncoding = 4; lastKnownFileType = sourcecode.c.h; path = "UIImageView+BWExtension.h"; sourceTree = "<group>"; };
		B452B8E71DEEBD3900CA97FE /* UIImageView+BWExtension.m */ = {isa = PBXFileReference; fileEncoding = 4; lastKnownFileType = sourcecode.c.objc; path = "UIImageView+BWExtension.m"; sourceTree = "<group>"; };
		B452B8E81DEEBD3900CA97FE /* UILabel+BWExtension.h */ = {isa = PBXFileReference; fileEncoding = 4; lastKnownFileType = sourcecode.c.h; path = "UILabel+BWExtension.h"; sourceTree = "<group>"; };
		B452B8E91DEEBD3900CA97FE /* UILabel+BWExtension.m */ = {isa = PBXFileReference; fileEncoding = 4; lastKnownFileType = sourcecode.c.objc; path = "UILabel+BWExtension.m"; sourceTree = "<group>"; };
		B452B8EA1DEEBD3900CA97FE /* UITextField+BWExtension.h */ = {isa = PBXFileReference; fileEncoding = 4; lastKnownFileType = sourcecode.c.h; path = "UITextField+BWExtension.h"; sourceTree = "<group>"; };
		B452B8EB1DEEBD3900CA97FE /* UITextField+BWExtension.m */ = {isa = PBXFileReference; fileEncoding = 4; lastKnownFileType = sourcecode.c.objc; path = "UITextField+BWExtension.m"; sourceTree = "<group>"; };
		B452B8EC1DEEBD3900CA97FE /* UIView+BWExtension.h */ = {isa = PBXFileReference; fileEncoding = 4; lastKnownFileType = sourcecode.c.h; path = "UIView+BWExtension.h"; sourceTree = "<group>"; };
		B452B8ED1DEEBD3900CA97FE /* UIView+BWExtension.m */ = {isa = PBXFileReference; fileEncoding = 4; lastKnownFileType = sourcecode.c.objc; path = "UIView+BWExtension.m"; sourceTree = "<group>"; };
		B452B8F41DEEBD5B00CA97FE /* NSString+BWExtension.h */ = {isa = PBXFileReference; fileEncoding = 4; lastKnownFileType = sourcecode.c.h; path = "NSString+BWExtension.h"; sourceTree = "<group>"; };
		B452B8F51DEEBD5B00CA97FE /* NSString+BWExtension.m */ = {isa = PBXFileReference; fileEncoding = 4; lastKnownFileType = sourcecode.c.objc; path = "NSString+BWExtension.m"; sourceTree = "<group>"; };
		B452B8F71DEEBF5600CA97FE /* UIViewController+BWExtension.h */ = {isa = PBXFileReference; fileEncoding = 4; lastKnownFileType = sourcecode.c.h; path = "UIViewController+BWExtension.h"; sourceTree = "<group>"; };
		B452B8F81DEEBF5600CA97FE /* UIViewController+BWExtension.m */ = {isa = PBXFileReference; fileEncoding = 4; lastKnownFileType = sourcecode.c.objc; path = "UIViewController+BWExtension.m"; sourceTree = "<group>"; };
		B452B8FE1DEEC21F00CA97FE /* YYCategories.zip */ = {isa = PBXFileReference; lastKnownFileType = archive.zip; path = YYCategories.zip; sourceTree = "<group>"; };
		B452B9011DEEC57400CA97FE /* icon_arrow_right@2x.png */ = {isa = PBXFileReference; lastKnownFileType = image.png; path = "icon_arrow_right@2x.png"; sourceTree = "<group>"; };
		B452B9021DEEC57400CA97FE /* icon_arrow_right@3x.png */ = {isa = PBXFileReference; lastKnownFileType = image.png; path = "icon_arrow_right@3x.png"; sourceTree = "<group>"; };
		B452B9051DEEC63300CA97FE /* UIImage+BWExtension.h */ = {isa = PBXFileReference; fileEncoding = 4; lastKnownFileType = sourcecode.c.h; path = "UIImage+BWExtension.h"; sourceTree = "<group>"; };
		B452B9061DEEC63300CA97FE /* UIImage+BWExtension.m */ = {isa = PBXFileReference; fileEncoding = 4; lastKnownFileType = sourcecode.c.objc; path = "UIImage+BWExtension.m"; sourceTree = "<group>"; };
		B452B90C1DEECF3900CA97FE /* BWImageAndTitleButton.h */ = {isa = PBXFileReference; fileEncoding = 4; lastKnownFileType = sourcecode.c.h; path = BWImageAndTitleButton.h; sourceTree = "<group>"; };
		B452B90D1DEECF3900CA97FE /* BWImageAndTitleButton.m */ = {isa = PBXFileReference; fileEncoding = 4; lastKnownFileType = sourcecode.c.objc; path = BWImageAndTitleButton.m; sourceTree = "<group>"; };
		B452B9121DEED06600CA97FE /* BWBaseViewController.h */ = {isa = PBXFileReference; fileEncoding = 4; lastKnownFileType = sourcecode.c.h; path = BWBaseViewController.h; sourceTree = "<group>"; };
		B452B9131DEED06600CA97FE /* BWBaseViewController.m */ = {isa = PBXFileReference; fileEncoding = 4; lastKnownFileType = sourcecode.c.objc; path = BWBaseViewController.m; sourceTree = "<group>"; };
		B452B9151DEED09B00CA97FE /* BWHomeVC.h */ = {isa = PBXFileReference; fileEncoding = 4; lastKnownFileType = sourcecode.c.h; path = BWHomeVC.h; sourceTree = "<group>"; };
		B452B9161DEED09B00CA97FE /* BWHomeVC.m */ = {isa = PBXFileReference; fileEncoding = 4; lastKnownFileType = sourcecode.c.objc; path = BWHomeVC.m; sourceTree = "<group>"; };
		B452B9181DEED0A800CA97FE /* BWResearchVC.h */ = {isa = PBXFileReference; fileEncoding = 4; lastKnownFileType = sourcecode.c.h; path = BWResearchVC.h; sourceTree = "<group>"; };
		B452B9191DEED0A800CA97FE /* BWResearchVC.m */ = {isa = PBXFileReference; fileEncoding = 4; lastKnownFileType = sourcecode.c.objc; path = BWResearchVC.m; sourceTree = "<group>"; };
		B452B91B1DEFCD5F00CA97FE /* NSDate+BWExtension.h */ = {isa = PBXFileReference; fileEncoding = 4; lastKnownFileType = sourcecode.c.h; path = "NSDate+BWExtension.h"; sourceTree = "<group>"; };
		B452B91C1DEFCD5F00CA97FE /* NSDate+BWExtension.m */ = {isa = PBXFileReference; fileEncoding = 4; lastKnownFileType = sourcecode.c.objc; path = "NSDate+BWExtension.m"; sourceTree = "<group>"; };
		B46076B21DF0131F00C8472F /* README-CodeSnippets.md */ = {isa = PBXFileReference; fileEncoding = 4; lastKnownFileType = net.daringfireball.markdown; path = "README-CodeSnippets.md"; sourceTree = "<group>"; };
		B46077611DF025F900C8472F /* BWMacroDefinition.h */ = {isa = PBXFileReference; lastKnownFileType = sourcecode.c.h; path = BWMacroDefinition.h; sourceTree = "<group>"; };
		B4F2E8F41DF114960036A3DE /* BWHudUtil.h */ = {isa = PBXFileReference; fileEncoding = 4; lastKnownFileType = sourcecode.c.h; path = BWHudUtil.h; sourceTree = "<group>"; };
		B4F2E8F51DF114960036A3DE /* BWHudUtil.m */ = {isa = PBXFileReference; fileEncoding = 4; lastKnownFileType = sourcecode.c.objc; path = BWHudUtil.m; sourceTree = "<group>"; };
		B4F2E8F61DF114960036A3DE /* BWAlertUtil.md */ = {isa = PBXFileReference; fileEncoding = 4; lastKnownFileType = net.daringfireball.markdown; path = BWAlertUtil.md; sourceTree = "<group>"; };
		B4F2E8F71DF114960036A3DE /* BWDataCommon.h */ = {isa = PBXFileReference; fileEncoding = 4; lastKnownFileType = sourcecode.c.h; path = BWDataCommon.h; sourceTree = "<group>"; };
		B4F2E8F81DF114960036A3DE /* BWDataCommon.m */ = {isa = PBXFileReference; fileEncoding = 4; lastKnownFileType = sourcecode.c.objc; path = BWDataCommon.m; sourceTree = "<group>"; };
		B4F2E8F91DF114960036A3DE /* BWDataCommon.md */ = {isa = PBXFileReference; fileEncoding = 4; lastKnownFileType = net.daringfireball.markdown; path = BWDataCommon.md; sourceTree = "<group>"; };
		B4F2E8FA1DF114960036A3DE /* BWUICommon.h */ = {isa = PBXFileReference; fileEncoding = 4; lastKnownFileType = sourcecode.c.h; path = BWUICommon.h; sourceTree = "<group>"; };
		B4F2E8FB1DF114960036A3DE /* BWUICommon.m */ = {isa = PBXFileReference; fileEncoding = 4; lastKnownFileType = sourcecode.c.objc; path = BWUICommon.m; sourceTree = "<group>"; };
		B4F2E8FC1DF114960036A3DE /* BWUICommon.md */ = {isa = PBXFileReference; fileEncoding = 4; lastKnownFileType = net.daringfireball.markdown; path = BWUICommon.md; sourceTree = "<group>"; };
		B4F2E9031DF11AEF0036A3DE /* BWNavigationController.h */ = {isa = PBXFileReference; fileEncoding = 4; lastKnownFileType = sourcecode.c.h; path = BWNavigationController.h; sourceTree = "<group>"; };
		B4F2E9041DF11AEF0036A3DE /* BWNavigationController.m */ = {isa = PBXFileReference; fileEncoding = 4; lastKnownFileType = sourcecode.c.objc; path = BWNavigationController.m; sourceTree = "<group>"; };
		B4F2E9061DF11BFB0036A3DE /* BWUtility.h */ = {isa = PBXFileReference; fileEncoding = 4; lastKnownFileType = sourcecode.c.h; path = BWUtility.h; sourceTree = "<group>"; };
		B4F2E9071DF11BFB0036A3DE /* BWUtility.m */ = {isa = PBXFileReference; fileEncoding = 4; lastKnownFileType = sourcecode.c.objc; path = BWUtility.m; sourceTree = "<group>"; };
		C7EB57AD112B3AB124CFF289 /* Pods-BWiOSCommon.release.xcconfig */ = {isa = PBXFileReference; includeInIndex = 1; lastKnownFileType = text.xcconfig; name = "Pods-BWiOSCommon.release.xcconfig"; path = "Pods/Target Support Files/Pods-BWiOSCommon/Pods-BWiOSCommon.release.xcconfig"; sourceTree = "<group>"; };
		CF1DDDEE24B3660A576A9CE9 /* Pods-BWiOSCommonTests.debug.xcconfig */ = {isa = PBXFileReference; includeInIndex = 1; lastKnownFileType = text.xcconfig; name = "Pods-BWiOSCommonTests.debug.xcconfig"; path = "Pods/Target Support Files/Pods-BWiOSCommonTests/Pods-BWiOSCommonTests.debug.xcconfig"; sourceTree = "<group>"; };
		F54677D25AC6F8ECF0297D94 /* libPods-BWiOSCommonUITests.a */ = {isa = PBXFileReference; explicitFileType = archive.ar; includeInIndex = 0; path = "libPods-BWiOSCommonUITests.a"; sourceTree = BUILT_PRODUCTS_DIR; };
/* End PBXFileReference section */

/* Begin PBXFrameworksBuildPhase section */
		B452B85A1DEE86F900CA97FE /* Frameworks */ = {
			isa = PBXFrameworksBuildPhase;
			buildActionMask = 2147483647;
			files = (
				BA64B521D5564DD533FE189E /* libPods-BWiOSCommon.a in Frameworks */,
			);
			runOnlyForDeploymentPostprocessing = 0;
		};
		B452B8731DEE86F900CA97FE /* Frameworks */ = {
			isa = PBXFrameworksBuildPhase;
			buildActionMask = 2147483647;
			files = (
				69FE2A5CB62908D4FCB2FFBD /* libPods-BWiOSCommonTests.a in Frameworks */,
			);
			runOnlyForDeploymentPostprocessing = 0;
		};
		B452B87E1DEE86F900CA97FE /* Frameworks */ = {
			isa = PBXFrameworksBuildPhase;
			buildActionMask = 2147483647;
			files = (
				089E39D9F8A99D0B2129B732 /* libPods-BWiOSCommonUITests.a in Frameworks */,
			);
			runOnlyForDeploymentPostprocessing = 0;
		};
/* End PBXFrameworksBuildPhase section */

/* Begin PBXGroup section */
		05722E70DE88A4421C920ECE /* Frameworks */ = {
			isa = PBXGroup;
			children = (
				1DD628FF903B6604FE5D293F /* libPods-BWiOSCommon.a */,
				7DEF60A1165236B5E9AE8B37 /* libPods-BWiOSCommonTests.a */,
				F54677D25AC6F8ECF0297D94 /* libPods-BWiOSCommonUITests.a */,
			);
			name = Frameworks;
			sourceTree = "<group>";
		};
		7110C83671A3CE41A3B91ED0 /* Pods */ = {
			isa = PBXGroup;
			children = (
				2F8820B17B3E73FCB7671642 /* Pods-BWiOSCommon.debug.xcconfig */,
				C7EB57AD112B3AB124CFF289 /* Pods-BWiOSCommon.release.xcconfig */,
				CF1DDDEE24B3660A576A9CE9 /* Pods-BWiOSCommonTests.debug.xcconfig */,
				82FC03C7002CC5E586DD5D08 /* Pods-BWiOSCommonTests.release.xcconfig */,
				487153065B701AADAA193281 /* Pods-BWiOSCommonUITests.debug.xcconfig */,
				3C17191C9854F3C31DC72397 /* Pods-BWiOSCommonUITests.release.xcconfig */,
			);
			name = Pods;
			sourceTree = "<group>";
		};
		B452B8541DEE86F900CA97FE = {
			isa = PBXGroup;
			children = (
				B452B85F1DEE86F900CA97FE /* BWiOSCommon */,
				B452B8791DEE86F900CA97FE /* BWiOSCommonTests */,
				B452B8841DEE86F900CA97FE /* BWiOSCommonUITests */,
				B452B85E1DEE86F900CA97FE /* Products */,
				7110C83671A3CE41A3B91ED0 /* Pods */,
				05722E70DE88A4421C920ECE /* Frameworks */,
			);
			sourceTree = "<group>";
		};
		B452B85E1DEE86F900CA97FE /* Products */ = {
			isa = PBXGroup;
			children = (
				B452B85D1DEE86F900CA97FE /* BWiOSCommon.app */,
				B452B8761DEE86F900CA97FE /* BWiOSCommonTests.xctest */,
				B452B8811DEE86F900CA97FE /* BWiOSCommonUITests.xctest */,
			);
			name = Products;
			sourceTree = "<group>";
		};
		B452B85F1DEE86F900CA97FE /* BWiOSCommon */ = {
			isa = PBXGroup;
			children = (
				B452B8631DEE86F900CA97FE /* AppDelegate.h */,
				B452B8641DEE86F900CA97FE /* AppDelegate.m */,
				B452B89D1DEE87D800CA97FE /* Document */,
				B452B89A1DEE87C900CA97FE /* MVC */,
				B452B8981DEE87C900CA97FE /* Global */,
				B452B8931DEE87C900CA97FE /* Common */,
				B452B8991DEE87C900CA97FE /* Library */,
				B452B89B1DEE87C900CA97FE /* Network */,
				B452B89C1DEE87C900CA97FE /* Resource */,
				B452B8FA1DEEC21F00CA97FE /* Reference */,
				B452B86C1DEE86F900CA97FE /* Assets.xcassets */,
				B452B8601DEE86F900CA97FE /* Supporting Files */,
			);
			path = BWiOSCommon;
			sourceTree = "<group>";
		};
		B452B8601DEE86F900CA97FE /* Supporting Files */ = {
			isa = PBXGroup;
			children = (
				B452B8611DEE86F900CA97FE /* main.m */,
				B452B8711DEE86F900CA97FE /* Info.plist */,
				B452B86E1DEE86F900CA97FE /* LaunchScreen.storyboard */,
				B452B8A31DEE886D00CA97FE /* BWiOSCommon.pch */,
			);
			name = "Supporting Files";
			sourceTree = "<group>";
		};
		B452B8791DEE86F900CA97FE /* BWiOSCommonTests */ = {
			isa = PBXGroup;
			children = (
				B452B87A1DEE86F900CA97FE /* BWiOSCommonTests.m */,
				B452B87C1DEE86F900CA97FE /* Info.plist */,
			);
			path = BWiOSCommonTests;
			sourceTree = "<group>";
		};
		B452B8841DEE86F900CA97FE /* BWiOSCommonUITests */ = {
			isa = PBXGroup;
			children = (
				B452B8851DEE86F900CA97FE /* BWiOSCommonUITests.m */,
				B452B8871DEE86F900CA97FE /* Info.plist */,
			);
			path = BWiOSCommonUITests;
			sourceTree = "<group>";
		};
		B452B8931DEE87C900CA97FE /* Common */ = {
			isa = PBXGroup;
			children = (
				B452B8941DEE87C900CA97FE /* Category */,
				B452B8951DEE87C900CA97FE /* Class */,
				B452B8971DEE87C900CA97FE /* Utility */,
				B452B9081DEECF1400CA97FE /* View */,
			);
			path = Common;
			sourceTree = "<group>";
		};
		B452B8941DEE87C900CA97FE /* Category */ = {
			isa = PBXGroup;
			children = (
				B452B8E11DEEBD3900CA97FE /* BWCategories.h */,
				B452B8E21DEEBD3900CA97FE /* UIButton+BWExtension.h */,
				B452B8E31DEEBD3900CA97FE /* UIButton+BWExtension.m */,
				B452B8E41DEEBD3900CA97FE /* UIColor+BWExtension.h */,
				B452B8E51DEEBD3900CA97FE /* UIColor+BWExtension.m */,
				B452B8E61DEEBD3900CA97FE /* UIImageView+BWExtension.h */,
				B452B8E71DEEBD3900CA97FE /* UIImageView+BWExtension.m */,
				B452B8E81DEEBD3900CA97FE /* UILabel+BWExtension.h */,
				B452B8E91DEEBD3900CA97FE /* UILabel+BWExtension.m */,
				B452B8EA1DEEBD3900CA97FE /* UITextField+BWExtension.h */,
				B452B8EB1DEEBD3900CA97FE /* UITextField+BWExtension.m */,
				B452B8EC1DEEBD3900CA97FE /* UIView+BWExtension.h */,
				B452B8ED1DEEBD3900CA97FE /* UIView+BWExtension.m */,
				B452B8F41DEEBD5B00CA97FE /* NSString+BWExtension.h */,
				B452B8F51DEEBD5B00CA97FE /* NSString+BWExtension.m */,
				B452B8F71DEEBF5600CA97FE /* UIViewController+BWExtension.h */,
				B452B8F81DEEBF5600CA97FE /* UIViewController+BWExtension.m */,
				B452B9051DEEC63300CA97FE /* UIImage+BWExtension.h */,
				B452B9061DEEC63300CA97FE /* UIImage+BWExtension.m */,
				B452B91B1DEFCD5F00CA97FE /* NSDate+BWExtension.h */,
				B452B91C1DEFCD5F00CA97FE /* NSDate+BWExtension.m */,
			);
			path = Category;
			sourceTree = "<group>";
		};
		B452B8951DEE87C900CA97FE /* Class */ = {
			isa = PBXGroup;
			children = (
				B4F2E9031DF11AEF0036A3DE /* BWNavigationController.h */,
				B4F2E9041DF11AEF0036A3DE /* BWNavigationController.m */,
			);
			path = Class;
			sourceTree = "<group>";
		};
		B452B8971DEE87C900CA97FE /* Utility */ = {
			isa = PBXGroup;
			children = (
				B4F2E8F41DF114960036A3DE /* BWHudUtil.h */,
				B4F2E8F51DF114960036A3DE /* BWHudUtil.m */,
				B4F2E8F61DF114960036A3DE /* BWAlertUtil.md */,
				B4F2E8F71DF114960036A3DE /* BWDataCommon.h */,
				B4F2E8F81DF114960036A3DE /* BWDataCommon.m */,
				B4F2E8F91DF114960036A3DE /* BWDataCommon.md */,
				B4F2E8FA1DF114960036A3DE /* BWUICommon.h */,
				B4F2E8FB1DF114960036A3DE /* BWUICommon.m */,
				B4F2E8FC1DF114960036A3DE /* BWUICommon.md */,
				B4F2E9061DF11BFB0036A3DE /* BWUtility.h */,
				B4F2E9071DF11BFB0036A3DE /* BWUtility.m */,
			);
			path = Utility;
			sourceTree = "<group>";
		};
		B452B8981DEE87C900CA97FE /* Global */ = {
			isa = PBXGroup;
			children = (
				B46077611DF025F900C8472F /* BWMacroDefinition.h */,
			);
			path = Global;
			sourceTree = "<group>";
		};
		B452B8991DEE87C900CA97FE /* Library */ = {
			isa = PBXGroup;
			children = (
				B452B8D31DEE8C9500CA97FE /* BMDatePickView */,
				B452B8D91DEE8C9500CA97FE /* UIAlertView+Blocks */,
			);
			path = Library;
			sourceTree = "<group>";
		};
		B452B89A1DEE87C900CA97FE /* MVC */ = {
			isa = PBXGroup;
			children = (
				B452B90F1DEED04F00CA97FE /* BaseVC */,
				B452B9101DEED04F00CA97FE /* Home */,
				B452B9111DEED04F00CA97FE /* Research */,
			);
			path = MVC;
			sourceTree = "<group>";
		};
		B452B89B1DEE87C900CA97FE /* Network */ = {
			isa = PBXGroup;
			children = (
			);
			path = Network;
			sourceTree = "<group>";
		};
		B452B89C1DEE87C900CA97FE /* Resource */ = {
			isa = PBXGroup;
			children = (
				B452B9001DEEC57400CA97FE /* Image */,
			);
			path = Resource;
			sourceTree = "<group>";
		};
		B452B89D1DEE87D800CA97FE /* Document */ = {
			isa = PBXGroup;
			children = (
				B452B8A41DEE8A6E00CA97FE /* CodeSnippets */,
			);
			path = Document;
			sourceTree = "<group>";
		};
		B452B8A41DEE8A6E00CA97FE /* CodeSnippets */ = {
			isa = PBXGroup;
			children = (
				B452B8A51DEE8AA600CA97FE /* BWCodeSnippetsController.h */,
				B452B8A61DEE8AA600CA97FE /* BWCodeSnippetsController.m */,
				B452B8A71DEE8AA600CA97FE /* BWCodeSnippetsView.h */,
				B452B8A81DEE8AA600CA97FE /* BWCodeSnippetsView.m */,
				B452B8A91DEE8AA600CA97FE /* BWObjective-CCodeSnippets.h */,
				B452B8AA1DEE8AA600CA97FE /* BWObjective-CCodeSnippets.m */,
				B452B8AB1DEE8AA600CA97FE /* BWUICodeSnippets.h */,
				B452B8AC1DEE8AA600CA97FE /* BWUICodeSnippets.m */,
				B46076B21DF0131F00C8472F /* README-CodeSnippets.md */,
			);
			path = CodeSnippets;
			sourceTree = "<group>";
		};
		B452B8D31DEE8C9500CA97FE /* BMDatePickView */ = {
			isa = PBXGroup;
			children = (
				B452B8D41DEE8C9500CA97FE /* BMDatePickAlertView.h */,
				B452B8D51DEE8C9500CA97FE /* BMDatePickAlertView.m */,
				B452B8D61DEE8C9500CA97FE /* BMDateSettingView.h */,
				B452B8D71DEE8C9500CA97FE /* BMDateSettingView.m */,
				B452B8D81DEE8C9500CA97FE /* BMDateSettingView.xib */,
			);
			path = BMDatePickView;
			sourceTree = "<group>";
		};
		B452B8D91DEE8C9500CA97FE /* UIAlertView+Blocks */ = {
			isa = PBXGroup;
			children = (
				B452B8DA1DEE8C9600CA97FE /* UIAlertView+Blocks.h */,
				B452B8DB1DEE8C9600CA97FE /* UIAlertView+Blocks.m */,
			);
			path = "UIAlertView+Blocks";
			sourceTree = "<group>";
		};
		B452B8FA1DEEC21F00CA97FE /* Reference */ = {
			isa = PBXGroup;
			children = (
				B452B8FB1DEEC21F00CA97FE /* Backup */,
			);
			path = Reference;
			sourceTree = "<group>";
		};
		B452B8FB1DEEC21F00CA97FE /* Backup */ = {
			isa = PBXGroup;
			children = (
				B452B8FC1DEEC21F00CA97FE /* YYCategories */,
			);
			path = Backup;
			sourceTree = "<group>";
		};
		B452B8FC1DEEC21F00CA97FE /* YYCategories */ = {
			isa = PBXGroup;
			children = (
				B452B8FD1DEEC21F00CA97FE /* 2016-11-30 */,
			);
			path = YYCategories;
			sourceTree = "<group>";
		};
		B452B8FD1DEEC21F00CA97FE /* 2016-11-30 */ = {
			isa = PBXGroup;
			children = (
				B452B8FE1DEEC21F00CA97FE /* YYCategories.zip */,
			);
			path = "2016-11-30";
			sourceTree = "<group>";
		};
		B452B9001DEEC57400CA97FE /* Image */ = {
			isa = PBXGroup;
			children = (
				B452B9011DEEC57400CA97FE /* icon_arrow_right@2x.png */,
				B452B9021DEEC57400CA97FE /* icon_arrow_right@3x.png */,
			);
			path = Image;
			sourceTree = "<group>";
		};
		B452B9081DEECF1400CA97FE /* View */ = {
			isa = PBXGroup;
			children = (
				B452B90C1DEECF3900CA97FE /* BWImageAndTitleButton.h */,
				B452B90D1DEECF3900CA97FE /* BWImageAndTitleButton.m */,
			);
			path = View;
			sourceTree = "<group>";
		};
		B452B90F1DEED04F00CA97FE /* BaseVC */ = {
			isa = PBXGroup;
			children = (
				B452B9121DEED06600CA97FE /* BWBaseViewController.h */,
				B452B9131DEED06600CA97FE /* BWBaseViewController.m */,
			);
			path = BaseVC;
			sourceTree = "<group>";
		};
		B452B9101DEED04F00CA97FE /* Home */ = {
			isa = PBXGroup;
			children = (
				B452B9151DEED09B00CA97FE /* BWHomeVC.h */,
				B452B9161DEED09B00CA97FE /* BWHomeVC.m */,
			);
			path = Home;
			sourceTree = "<group>";
		};
		B452B9111DEED04F00CA97FE /* Research */ = {
			isa = PBXGroup;
			children = (
				B452B9181DEED0A800CA97FE /* BWResearchVC.h */,
				B452B9191DEED0A800CA97FE /* BWResearchVC.m */,
			);
			path = Research;
			sourceTree = "<group>";
		};
/* End PBXGroup section */

/* Begin PBXNativeTarget section */
		B452B85C1DEE86F900CA97FE /* BWiOSCommon */ = {
			isa = PBXNativeTarget;
			buildConfigurationList = B452B88A1DEE86F900CA97FE /* Build configuration list for PBXNativeTarget "BWiOSCommon" */;
			buildPhases = (
				67D52918AC0ABC5839F15AAD /* [CP] Check Pods Manifest.lock */,
				B452B8591DEE86F900CA97FE /* Sources */,
				B452B85A1DEE86F900CA97FE /* Frameworks */,
				B452B85B1DEE86F900CA97FE /* Resources */,
				AFD39A8F79625E673ECE5127 /* [CP] Embed Pods Frameworks */,
				9504096B92AD2B58329674BB /* [CP] Copy Pods Resources */,
			);
			buildRules = (
			);
			dependencies = (
			);
			name = BWiOSCommon;
			productName = BWiOSCommon;
			productReference = B452B85D1DEE86F900CA97FE /* BWiOSCommon.app */;
			productType = "com.apple.product-type.application";
		};
		B452B8751DEE86F900CA97FE /* BWiOSCommonTests */ = {
			isa = PBXNativeTarget;
			buildConfigurationList = B452B88D1DEE86F900CA97FE /* Build configuration list for PBXNativeTarget "BWiOSCommonTests" */;
			buildPhases = (
				B3CB90D6E059DF49094F6721 /* [CP] Check Pods Manifest.lock */,
				B452B8721DEE86F900CA97FE /* Sources */,
				B452B8731DEE86F900CA97FE /* Frameworks */,
				B452B8741DEE86F900CA97FE /* Resources */,
				15E042098CAD05014E593AFC /* [CP] Embed Pods Frameworks */,
				479555CA54B6C38642D07814 /* [CP] Copy Pods Resources */,
			);
			buildRules = (
			);
			dependencies = (
				B452B8781DEE86F900CA97FE /* PBXTargetDependency */,
			);
			name = BWiOSCommonTests;
			productName = BWiOSCommonTests;
			productReference = B452B8761DEE86F900CA97FE /* BWiOSCommonTests.xctest */;
			productType = "com.apple.product-type.bundle.unit-test";
		};
		B452B8801DEE86F900CA97FE /* BWiOSCommonUITests */ = {
			isa = PBXNativeTarget;
			buildConfigurationList = B452B8901DEE86F900CA97FE /* Build configuration list for PBXNativeTarget "BWiOSCommonUITests" */;
			buildPhases = (
				0D5EB3CEFF336419BE106386 /* [CP] Check Pods Manifest.lock */,
				B452B87D1DEE86F900CA97FE /* Sources */,
				B452B87E1DEE86F900CA97FE /* Frameworks */,
				B452B87F1DEE86F900CA97FE /* Resources */,
				07BBCAC3E06757AE807D28D7 /* [CP] Embed Pods Frameworks */,
				92F86BB90C20DA8F2544948B /* [CP] Copy Pods Resources */,
			);
			buildRules = (
			);
			dependencies = (
				B452B8831DEE86F900CA97FE /* PBXTargetDependency */,
			);
			name = BWiOSCommonUITests;
			productName = BWiOSCommonUITests;
			productReference = B452B8811DEE86F900CA97FE /* BWiOSCommonUITests.xctest */;
			productType = "com.apple.product-type.bundle.ui-testing";
		};
/* End PBXNativeTarget section */

/* Begin PBXProject section */
		B452B8551DEE86F900CA97FE /* Project object */ = {
			isa = PBXProject;
			attributes = {
				LastUpgradeCheck = 0800;
				ORGANIZATIONNAME = BobWongStudio;
				TargetAttributes = {
					B452B85C1DEE86F900CA97FE = {
						CreatedOnToolsVersion = 8.0;
						DevelopmentTeam = V3E8GUFW32;
						ProvisioningStyle = Automatic;
					};
					B452B8751DEE86F900CA97FE = {
						CreatedOnToolsVersion = 8.0;
						DevelopmentTeam = V3E8GUFW32;
						ProvisioningStyle = Automatic;
						TestTargetID = B452B85C1DEE86F900CA97FE;
					};
					B452B8801DEE86F900CA97FE = {
						CreatedOnToolsVersion = 8.0;
						DevelopmentTeam = V3E8GUFW32;
						ProvisioningStyle = Automatic;
						TestTargetID = B452B85C1DEE86F900CA97FE;
					};
				};
			};
			buildConfigurationList = B452B8581DEE86F900CA97FE /* Build configuration list for PBXProject "BWiOSCommon" */;
			compatibilityVersion = "Xcode 3.2";
			developmentRegion = English;
			hasScannedForEncodings = 0;
			knownRegions = (
				en,
				Base,
			);
			mainGroup = B452B8541DEE86F900CA97FE;
			productRefGroup = B452B85E1DEE86F900CA97FE /* Products */;
			projectDirPath = "";
			projectRoot = "";
			targets = (
				B452B85C1DEE86F900CA97FE /* BWiOSCommon */,
				B452B8751DEE86F900CA97FE /* BWiOSCommonTests */,
				B452B8801DEE86F900CA97FE /* BWiOSCommonUITests */,
			);
		};
/* End PBXProject section */

/* Begin PBXResourcesBuildPhase section */
		B452B85B1DEE86F900CA97FE /* Resources */ = {
			isa = PBXResourcesBuildPhase;
			buildActionMask = 2147483647;
			files = (
				B452B9041DEEC57400CA97FE /* icon_arrow_right@3x.png in Resources */,
				B452B9031DEEC57400CA97FE /* icon_arrow_right@2x.png in Resources */,
				B452B8701DEE86F900CA97FE /* LaunchScreen.storyboard in Resources */,
				B452B8DE1DEE8C9600CA97FE /* BMDateSettingView.xib in Resources */,
				B452B86D1DEE86F900CA97FE /* Assets.xcassets in Resources */,
			);
			runOnlyForDeploymentPostprocessing = 0;
		};
		B452B8741DEE86F900CA97FE /* Resources */ = {
			isa = PBXResourcesBuildPhase;
			buildActionMask = 2147483647;
			files = (
			);
			runOnlyForDeploymentPostprocessing = 0;
		};
		B452B87F1DEE86F900CA97FE /* Resources */ = {
			isa = PBXResourcesBuildPhase;
			buildActionMask = 2147483647;
			files = (
			);
			runOnlyForDeploymentPostprocessing = 0;
		};
/* End PBXResourcesBuildPhase section */

/* Begin PBXShellScriptBuildPhase section */
		07BBCAC3E06757AE807D28D7 /* [CP] Embed Pods Frameworks */ = {
			isa = PBXShellScriptBuildPhase;
			buildActionMask = 2147483647;
			files = (
			);
			inputPaths = (
			);
			name = "[CP] Embed Pods Frameworks";
			outputPaths = (
			);
			runOnlyForDeploymentPostprocessing = 0;
			shellPath = /bin/sh;
			shellScript = "\"${SRCROOT}/Pods/Target Support Files/Pods-BWiOSCommonUITests/Pods-BWiOSCommonUITests-frameworks.sh\"\n";
			showEnvVarsInLog = 0;
		};
		0D5EB3CEFF336419BE106386 /* [CP] Check Pods Manifest.lock */ = {
			isa = PBXShellScriptBuildPhase;
			buildActionMask = 2147483647;
			files = (
			);
			inputPaths = (
			);
			name = "[CP] Check Pods Manifest.lock";
			outputPaths = (
			);
			runOnlyForDeploymentPostprocessing = 0;
			shellPath = /bin/sh;
			shellScript = "diff \"${PODS_ROOT}/../Podfile.lock\" \"${PODS_ROOT}/Manifest.lock\" > /dev/null\nif [ $? != 0 ] ; then\n    # print error to STDERR\n    echo \"error: The sandbox is not in sync with the Podfile.lock. Run 'pod install' or update your CocoaPods installation.\" >&2\n    exit 1\nfi\n";
			showEnvVarsInLog = 0;
		};
		15E042098CAD05014E593AFC /* [CP] Embed Pods Frameworks */ = {
			isa = PBXShellScriptBuildPhase;
			buildActionMask = 2147483647;
			files = (
			);
			inputPaths = (
			);
			name = "[CP] Embed Pods Frameworks";
			outputPaths = (
			);
			runOnlyForDeploymentPostprocessing = 0;
			shellPath = /bin/sh;
			shellScript = "\"${SRCROOT}/Pods/Target Support Files/Pods-BWiOSCommonTests/Pods-BWiOSCommonTests-frameworks.sh\"\n";
			showEnvVarsInLog = 0;
		};
		479555CA54B6C38642D07814 /* [CP] Copy Pods Resources */ = {
			isa = PBXShellScriptBuildPhase;
			buildActionMask = 2147483647;
			files = (
			);
			inputPaths = (
			);
			name = "[CP] Copy Pods Resources";
			outputPaths = (
			);
			runOnlyForDeploymentPostprocessing = 0;
			shellPath = /bin/sh;
			shellScript = "\"${SRCROOT}/Pods/Target Support Files/Pods-BWiOSCommonTests/Pods-BWiOSCommonTests-resources.sh\"\n";
			showEnvVarsInLog = 0;
		};
		67D52918AC0ABC5839F15AAD /* [CP] Check Pods Manifest.lock */ = {
			isa = PBXShellScriptBuildPhase;
			buildActionMask = 2147483647;
			files = (
			);
			inputPaths = (
			);
			name = "[CP] Check Pods Manifest.lock";
			outputPaths = (
			);
			runOnlyForDeploymentPostprocessing = 0;
			shellPath = /bin/sh;
			shellScript = "diff \"${PODS_ROOT}/../Podfile.lock\" \"${PODS_ROOT}/Manifest.lock\" > /dev/null\nif [ $? != 0 ] ; then\n    # print error to STDERR\n    echo \"error: The sandbox is not in sync with the Podfile.lock. Run 'pod install' or update your CocoaPods installation.\" >&2\n    exit 1\nfi\n";
			showEnvVarsInLog = 0;
		};
		92F86BB90C20DA8F2544948B /* [CP] Copy Pods Resources */ = {
			isa = PBXShellScriptBuildPhase;
			buildActionMask = 2147483647;
			files = (
			);
			inputPaths = (
			);
			name = "[CP] Copy Pods Resources";
			outputPaths = (
			);
			runOnlyForDeploymentPostprocessing = 0;
			shellPath = /bin/sh;
			shellScript = "\"${SRCROOT}/Pods/Target Support Files/Pods-BWiOSCommonUITests/Pods-BWiOSCommonUITests-resources.sh\"\n";
			showEnvVarsInLog = 0;
		};
		9504096B92AD2B58329674BB /* [CP] Copy Pods Resources */ = {
			isa = PBXShellScriptBuildPhase;
			buildActionMask = 2147483647;
			files = (
			);
			inputPaths = (
			);
			name = "[CP] Copy Pods Resources";
			outputPaths = (
			);
			runOnlyForDeploymentPostprocessing = 0;
			shellPath = /bin/sh;
			shellScript = "\"${SRCROOT}/Pods/Target Support Files/Pods-BWiOSCommon/Pods-BWiOSCommon-resources.sh\"\n";
			showEnvVarsInLog = 0;
		};
		AFD39A8F79625E673ECE5127 /* [CP] Embed Pods Frameworks */ = {
			isa = PBXShellScriptBuildPhase;
			buildActionMask = 2147483647;
			files = (
			);
			inputPaths = (
			);
			name = "[CP] Embed Pods Frameworks";
			outputPaths = (
			);
			runOnlyForDeploymentPostprocessing = 0;
			shellPath = /bin/sh;
			shellScript = "\"${SRCROOT}/Pods/Target Support Files/Pods-BWiOSCommon/Pods-BWiOSCommon-frameworks.sh\"\n";
			showEnvVarsInLog = 0;
		};
		B3CB90D6E059DF49094F6721 /* [CP] Check Pods Manifest.lock */ = {
			isa = PBXShellScriptBuildPhase;
			buildActionMask = 2147483647;
			files = (
			);
			inputPaths = (
			);
			name = "[CP] Check Pods Manifest.lock";
			outputPaths = (
			);
			runOnlyForDeploymentPostprocessing = 0;
			shellPath = /bin/sh;
			shellScript = "diff \"${PODS_ROOT}/../Podfile.lock\" \"${PODS_ROOT}/Manifest.lock\" > /dev/null\nif [ $? != 0 ] ; then\n    # print error to STDERR\n    echo \"error: The sandbox is not in sync with the Podfile.lock. Run 'pod install' or update your CocoaPods installation.\" >&2\n    exit 1\nfi\n";
			showEnvVarsInLog = 0;
		};
/* End PBXShellScriptBuildPhase section */

/* Begin PBXSourcesBuildPhase section */
		B452B8591DEE86F900CA97FE /* Sources */ = {
			isa = PBXSourcesBuildPhase;
			buildActionMask = 2147483647;
			files = (
				B452B8DF1DEE8C9600CA97FE /* UIAlertView+Blocks.m in Sources */,
				B452B8DC1DEE8C9600CA97FE /* BMDatePickAlertView.m in Sources */,
				B452B9071DEEC63300CA97FE /* UIImage+BWExtension.m in Sources */,
				B452B8EF1DEEBD3900CA97FE /* UIColor+BWExtension.m in Sources */,
				B4F2E9051DF11AEF0036A3DE /* BWNavigationController.m in Sources */,
				B452B8F61DEEBD5B00CA97FE /* NSString+BWExtension.m in Sources */,
				B452B91D1DEFCD5F00CA97FE /* NSDate+BWExtension.m in Sources */,
				B4F2E9001DF114960036A3DE /* BWDataCommon.md in Sources */,
				B452B90E1DEECF3900CA97FE /* BWImageAndTitleButton.m in Sources */,
				B4F2E8FD1DF114960036A3DE /* BWHudUtil.m in Sources */,
				B452B8F91DEEBF5600CA97FE /* UIViewController+BWExtension.m in Sources */,
				B4F2E9081DF11BFB0036A3DE /* BWUtility.m in Sources */,
				B4F2E8FF1DF114960036A3DE /* BWDataCommon.m in Sources */,
				B452B91A1DEED0A800CA97FE /* BWResearchVC.m in Sources */,
				B452B8DD1DEE8C9600CA97FE /* BMDateSettingView.m in Sources */,
				B4F2E9021DF114960036A3DE /* BWUICommon.md in Sources */,
				B452B9171DEED09B00CA97FE /* BWHomeVC.m in Sources */,
				B452B8F01DEEBD3900CA97FE /* UIImageView+BWExtension.m in Sources */,
				B452B9141DEED06600CA97FE /* BWBaseViewController.m in Sources */,
				B452B8F11DEEBD3900CA97FE /* UILabel+BWExtension.m in Sources */,
				B452B8651DEE86F900CA97FE /* AppDelegate.m in Sources */,
				B4F2E8FE1DF114960036A3DE /* BWAlertUtil.md in Sources */,
				B452B8621DEE86F900CA97FE /* main.m in Sources */,
				B452B8EE1DEEBD3900CA97FE /* UIButton+BWExtension.m in Sources */,
				B452B8F21DEEBD3900CA97FE /* UITextField+BWExtension.m in Sources */,
				B452B8F31DEEBD3900CA97FE /* UIView+BWExtension.m in Sources */,
				B4F2E9011DF114960036A3DE /* BWUICommon.m in Sources */,
			);
			runOnlyForDeploymentPostprocessing = 0;
		};
		B452B8721DEE86F900CA97FE /* Sources */ = {
			isa = PBXSourcesBuildPhase;
			buildActionMask = 2147483647;
			files = (
				B452B87B1DEE86F900CA97FE /* BWiOSCommonTests.m in Sources */,
			);
			runOnlyForDeploymentPostprocessing = 0;
		};
		B452B87D1DEE86F900CA97FE /* Sources */ = {
			isa = PBXSourcesBuildPhase;
			buildActionMask = 2147483647;
			files = (
				B452B8861DEE86F900CA97FE /* BWiOSCommonUITests.m in Sources */,
			);
			runOnlyForDeploymentPostprocessing = 0;
		};
/* End PBXSourcesBuildPhase section */

/* Begin PBXTargetDependency section */
		B452B8781DEE86F900CA97FE /* PBXTargetDependency */ = {
			isa = PBXTargetDependency;
			target = B452B85C1DEE86F900CA97FE /* BWiOSCommon */;
			targetProxy = B452B8771DEE86F900CA97FE /* PBXContainerItemProxy */;
		};
		B452B8831DEE86F900CA97FE /* PBXTargetDependency */ = {
			isa = PBXTargetDependency;
			target = B452B85C1DEE86F900CA97FE /* BWiOSCommon */;
			targetProxy = B452B8821DEE86F900CA97FE /* PBXContainerItemProxy */;
		};
/* End PBXTargetDependency section */

/* Begin PBXVariantGroup section */
		B452B86E1DEE86F900CA97FE /* LaunchScreen.storyboard */ = {
			isa = PBXVariantGroup;
			children = (
				B452B86F1DEE86F900CA97FE /* Base */,
			);
			name = LaunchScreen.storyboard;
			sourceTree = "<group>";
		};
/* End PBXVariantGroup section */

/* Begin XCBuildConfiguration section */
		B452B8881DEE86F900CA97FE /* Debug */ = {
			isa = XCBuildConfiguration;
			buildSettings = {
				ALWAYS_SEARCH_USER_PATHS = NO;
				CLANG_ANALYZER_NONNULL = YES;
				CLANG_CXX_LANGUAGE_STANDARD = "gnu++0x";
				CLANG_CXX_LIBRARY = "libc++";
				CLANG_ENABLE_MODULES = YES;
				CLANG_ENABLE_OBJC_ARC = YES;
				CLANG_WARN_BOOL_CONVERSION = YES;
				CLANG_WARN_CONSTANT_CONVERSION = YES;
				CLANG_WARN_DIRECT_OBJC_ISA_USAGE = YES_ERROR;
				CLANG_WARN_DOCUMENTATION_COMMENTS = YES;
				CLANG_WARN_EMPTY_BODY = YES;
				CLANG_WARN_ENUM_CONVERSION = YES;
				CLANG_WARN_INFINITE_RECURSION = YES;
				CLANG_WARN_INT_CONVERSION = YES;
				CLANG_WARN_OBJC_ROOT_CLASS = YES_ERROR;
				CLANG_WARN_SUSPICIOUS_MOVES = YES;
				CLANG_WARN_UNREACHABLE_CODE = YES;
				CLANG_WARN__DUPLICATE_METHOD_MATCH = YES;
				"CODE_SIGN_IDENTITY[sdk=iphoneos*]" = "iPhone Developer";
				COPY_PHASE_STRIP = NO;
				DEBUG_INFORMATION_FORMAT = dwarf;
				ENABLE_STRICT_OBJC_MSGSEND = YES;
				ENABLE_TESTABILITY = YES;
				GCC_C_LANGUAGE_STANDARD = gnu99;
				GCC_DYNAMIC_NO_PIC = NO;
				GCC_NO_COMMON_BLOCKS = YES;
				GCC_OPTIMIZATION_LEVEL = 0;
				GCC_PREPROCESSOR_DEFINITIONS = (
					"DEBUG=1",
					"$(inherited)",
				);
				GCC_WARN_64_TO_32_BIT_CONVERSION = YES;
				GCC_WARN_ABOUT_RETURN_TYPE = YES_ERROR;
				GCC_WARN_UNDECLARED_SELECTOR = YES;
				GCC_WARN_UNINITIALIZED_AUTOS = YES_AGGRESSIVE;
				GCC_WARN_UNUSED_FUNCTION = YES;
				GCC_WARN_UNUSED_VARIABLE = YES;
				IPHONEOS_DEPLOYMENT_TARGET = 10.0;
				MTL_ENABLE_DEBUG_INFO = YES;
				ONLY_ACTIVE_ARCH = YES;
				SDKROOT = iphoneos;
			};
			name = Debug;
		};
		B452B8891DEE86F900CA97FE /* Release */ = {
			isa = XCBuildConfiguration;
			buildSettings = {
				ALWAYS_SEARCH_USER_PATHS = NO;
				CLANG_ANALYZER_NONNULL = YES;
				CLANG_CXX_LANGUAGE_STANDARD = "gnu++0x";
				CLANG_CXX_LIBRARY = "libc++";
				CLANG_ENABLE_MODULES = YES;
				CLANG_ENABLE_OBJC_ARC = YES;
				CLANG_WARN_BOOL_CONVERSION = YES;
				CLANG_WARN_CONSTANT_CONVERSION = YES;
				CLANG_WARN_DIRECT_OBJC_ISA_USAGE = YES_ERROR;
				CLANG_WARN_DOCUMENTATION_COMMENTS = YES;
				CLANG_WARN_EMPTY_BODY = YES;
				CLANG_WARN_ENUM_CONVERSION = YES;
				CLANG_WARN_INFINITE_RECURSION = YES;
				CLANG_WARN_INT_CONVERSION = YES;
				CLANG_WARN_OBJC_ROOT_CLASS = YES_ERROR;
				CLANG_WARN_SUSPICIOUS_MOVES = YES;
				CLANG_WARN_UNREACHABLE_CODE = YES;
				CLANG_WARN__DUPLICATE_METHOD_MATCH = YES;
				"CODE_SIGN_IDENTITY[sdk=iphoneos*]" = "iPhone Developer";
				COPY_PHASE_STRIP = NO;
				DEBUG_INFORMATION_FORMAT = "dwarf-with-dsym";
				ENABLE_NS_ASSERTIONS = NO;
				ENABLE_STRICT_OBJC_MSGSEND = YES;
				GCC_C_LANGUAGE_STANDARD = gnu99;
				GCC_NO_COMMON_BLOCKS = YES;
				GCC_WARN_64_TO_32_BIT_CONVERSION = YES;
				GCC_WARN_ABOUT_RETURN_TYPE = YES_ERROR;
				GCC_WARN_UNDECLARED_SELECTOR = YES;
				GCC_WARN_UNINITIALIZED_AUTOS = YES_AGGRESSIVE;
				GCC_WARN_UNUSED_FUNCTION = YES;
				GCC_WARN_UNUSED_VARIABLE = YES;
				IPHONEOS_DEPLOYMENT_TARGET = 10.0;
				MTL_ENABLE_DEBUG_INFO = NO;
				SDKROOT = iphoneos;
				VALIDATE_PRODUCT = YES;
			};
			name = Release;
		};
		B452B88B1DEE86F900CA97FE /* Debug */ = {
			isa = XCBuildConfiguration;
			baseConfigurationReference = 2F8820B17B3E73FCB7671642 /* Pods-BWiOSCommon.debug.xcconfig */;
			buildSettings = {
				ASSETCATALOG_COMPILER_APPICON_NAME = AppIcon;
				DEVELOPMENT_TEAM = V3E8GUFW32;
				GCC_PREFIX_HEADER = BWiOSCommon/BWiOSCommon.pch;
				INFOPLIST_FILE = BWiOSCommon/Info.plist;
				IPHONEOS_DEPLOYMENT_TARGET = 7.0;
				LD_RUNPATH_SEARCH_PATHS = "$(inherited) @executable_path/Frameworks";
				PRODUCT_BUNDLE_IDENTIFIER = com.bws.BWiOSCommon;
				PRODUCT_NAME = "$(TARGET_NAME)";
			};
			name = Debug;
		};
		B452B88C1DEE86F900CA97FE /* Release */ = {
			isa = XCBuildConfiguration;
			baseConfigurationReference = C7EB57AD112B3AB124CFF289 /* Pods-BWiOSCommon.release.xcconfig */;
			buildSettings = {
				ASSETCATALOG_COMPILER_APPICON_NAME = AppIcon;
				DEVELOPMENT_TEAM = V3E8GUFW32;
				GCC_PREFIX_HEADER = BWiOSCommon/BWiOSCommon.pch;
				INFOPLIST_FILE = BWiOSCommon/Info.plist;
				IPHONEOS_DEPLOYMENT_TARGET = 7.0;
				LD_RUNPATH_SEARCH_PATHS = "$(inherited) @executable_path/Frameworks";
				PRODUCT_BUNDLE_IDENTIFIER = com.bws.BWiOSCommon;
				PRODUCT_NAME = "$(TARGET_NAME)";
			};
			name = Release;
		};
		B452B88E1DEE86F900CA97FE /* Debug */ = {
			isa = XCBuildConfiguration;
			baseConfigurationReference = CF1DDDEE24B3660A576A9CE9 /* Pods-BWiOSCommonTests.debug.xcconfig */;
			buildSettings = {
				BUNDLE_LOADER = "$(TEST_HOST)";
				DEVELOPMENT_TEAM = V3E8GUFW32;
				INFOPLIST_FILE = BWiOSCommonTests/Info.plist;
				LD_RUNPATH_SEARCH_PATHS = "$(inherited) @executable_path/Frameworks @loader_path/Frameworks";
				PRODUCT_BUNDLE_IDENTIFIER = com.bws.BWiOSCommonTests;
				PRODUCT_NAME = "$(TARGET_NAME)";
				TEST_HOST = "$(BUILT_PRODUCTS_DIR)/BWiOSCommon.app/BWiOSCommon";
			};
			name = Debug;
		};
		B452B88F1DEE86F900CA97FE /* Release */ = {
			isa = XCBuildConfiguration;
			baseConfigurationReference = 82FC03C7002CC5E586DD5D08 /* Pods-BWiOSCommonTests.release.xcconfig */;
			buildSettings = {
				BUNDLE_LOADER = "$(TEST_HOST)";
				DEVELOPMENT_TEAM = V3E8GUFW32;
				INFOPLIST_FILE = BWiOSCommonTests/Info.plist;
				LD_RUNPATH_SEARCH_PATHS = "$(inherited) @executable_path/Frameworks @loader_path/Frameworks";
				PRODUCT_BUNDLE_IDENTIFIER = com.bws.BWiOSCommonTests;
				PRODUCT_NAME = "$(TARGET_NAME)";
				TEST_HOST = "$(BUILT_PRODUCTS_DIR)/BWiOSCommon.app/BWiOSCommon";
			};
			name = Release;
		};
		B452B8911DEE86F900CA97FE /* Debug */ = {
			isa = XCBuildConfiguration;
			baseConfigurationReference = 487153065B701AADAA193281 /* Pods-BWiOSCommonUITests.debug.xcconfig */;
			buildSettings = {
				DEVELOPMENT_TEAM = V3E8GUFW32;
				INFOPLIST_FILE = BWiOSCommonUITests/Info.plist;
				LD_RUNPATH_SEARCH_PATHS = "$(inherited) @executable_path/Frameworks @loader_path/Frameworks";
				PRODUCT_BUNDLE_IDENTIFIER = com.bws.BWiOSCommonUITests;
				PRODUCT_NAME = "$(TARGET_NAME)";
				TEST_TARGET_NAME = BWiOSCommon;
			};
			name = Debug;
		};
		B452B8921DEE86F900CA97FE /* Release */ = {
			isa = XCBuildConfiguration;
			baseConfigurationReference = 3C17191C9854F3C31DC72397 /* Pods-BWiOSCommonUITests.release.xcconfig */;
			buildSettings = {
				DEVELOPMENT_TEAM = V3E8GUFW32;
				INFOPLIST_FILE = BWiOSCommonUITests/Info.plist;
				LD_RUNPATH_SEARCH_PATHS = "$(inherited) @executable_path/Frameworks @loader_path/Frameworks";
				PRODUCT_BUNDLE_IDENTIFIER = com.bws.BWiOSCommonUITests;
				PRODUCT_NAME = "$(TARGET_NAME)";
				TEST_TARGET_NAME = BWiOSCommon;
			};
			name = Release;
		};
/* End XCBuildConfiguration section */

/* Begin XCConfigurationList section */
		B452B8581DEE86F900CA97FE /* Build configuration list for PBXProject "BWiOSCommon" */ = {
			isa = XCConfigurationList;
			buildConfigurations = (
				B452B8881DEE86F900CA97FE /* Debug */,
				B452B8891DEE86F900CA97FE /* Release */,
			);
			defaultConfigurationIsVisible = 0;
			defaultConfigurationName = Release;
		};
		B452B88A1DEE86F900CA97FE /* Build configuration list for PBXNativeTarget "BWiOSCommon" */ = {
			isa = XCConfigurationList;
			buildConfigurations = (
				B452B88B1DEE86F900CA97FE /* Debug */,
				B452B88C1DEE86F900CA97FE /* Release */,
			);
			defaultConfigurationIsVisible = 0;
			defaultConfigurationName = Release;
		};
		B452B88D1DEE86F900CA97FE /* Build configuration list for PBXNativeTarget "BWiOSCommonTests" */ = {
			isa = XCConfigurationList;
			buildConfigurations = (
				B452B88E1DEE86F900CA97FE /* Debug */,
				B452B88F1DEE86F900CA97FE /* Release */,
			);
			defaultConfigurationIsVisible = 0;
			defaultConfigurationName = Release;
		};
		B452B8901DEE86F900CA97FE /* Build configuration list for PBXNativeTarget "BWiOSCommonUITests" */ = {
			isa = XCConfigurationList;
			buildConfigurations = (
				B452B8911DEE86F900CA97FE /* Debug */,
				B452B8921DEE86F900CA97FE /* Release */,
			);
			defaultConfigurationIsVisible = 0;
			defaultConfigurationName = Release;
		};
/* End XCConfigurationList section */
	};
	rootObject = B452B8551DEE86F900CA97FE /* Project object */;
}
